
Microsoft Visual Studio Solution File, Format Version 12.00
# Visual Studio Version 17
VisualStudioVersion = 17.4.33122.133
MinimumVisualStudioVersion = 10.0.40219.1
Project("{FAE04EC0-301F-11D3-BF4B-00C04F79EFBC}") = "ScreenRecorder", "ScreenRecorder.csproj", "{21B6D2ED-EDC7-4866-8ED1-EE4CC7C88D05}"
EndProject
Global
	GlobalSection(SolutionConfigurationPlatforms) = preSolution
		Debug|Any CPU = Debug|Any CPU
		Release|Any CPU = Release|Any CPU
	EndGlobalSection
	GlobalSection(ProjectConfigurationPlatforms) = postSolution
		{21B6D2ED-EDC7-4866-8ED1-EE4CC7C88D05}.Debug|Any CPU.ActiveCfg = Debug|Any CPU
		{21B6D2ED-EDC7-4866-8ED1-EE4CC7C88D05}.Debug|Any CPU.Build.0 = Debug|Any CPU
		{21B6D2ED-EDC7-4866-8ED1-EE4CC7C88D05}.Release|Any CPU.ActiveCfg = Release|Any CPU
		{21B6D2ED-EDC7-4866-8ED1-EE4CC7C88D05}.Release|Any CPU.Build.0 = Release|Any CPU
	EndGlobalSection
	GlobalSection(SolutionProperties) = preSolution
		HideSolutionNode = FALSE
	EndGlobalSection
	GlobalSection(ExtensibilityGlobals) = postSolution
		SolutionGuid = {C16F9483-E301-4C38-BD1E-50896ABD35CF}
	EndGlobalSection
EndGlobal
